
Microsoft Visual Studio Solution File, Format Version 12.00
# Visual Studio Version 17
VisualStudioVersion = 17.4.33213.308
MinimumVisualStudioVersion = 10.0.40219.1
Project("{FAE04EC0-301F-11D3-BF4B-00C04F79EFBC}") = "PassionProject-chatMessenger", "PassionProject-chatMessenger\PassionProject-chatMessenger.csproj", "{CEB8306F-9698-4E35-A3CF-D1EBFC0D12E3}"
EndProject
Global
	GlobalSection(SolutionConfigurationPlatforms) = preSolution
		Debug|Any CPU = Debug|Any CPU
		Release|Any CPU = Release|Any CPU
	EndGlobalSection
	GlobalSection(ProjectConfigurationPlatforms) = postSolution
		{CEB8306F-9698-4E35-A3CF-D1EBFC0D12E3}.Debug|Any CPU.ActiveCfg = Debug|Any CPU
		{CEB8306F-9698-4E35-A3CF-D1EBFC0D12E3}.Debug|Any CPU.Build.0 = Debug|Any CPU
		{CEB8306F-9698-4E35-A3CF-D1EBFC0D12E3}.Release|Any CPU.ActiveCfg = Release|Any CPU
		{CEB8306F-9698-4E35-A3CF-D1EBFC0D12E3}.Release|Any CPU.Build.0 = Release|Any CPU
	EndGlobalSection
	GlobalSection(SolutionProperties) = preSolution
		HideSolutionNode = FALSE
	EndGlobalSection
	GlobalSection(ExtensibilityGlobals) = postSolution
		SolutionGuid = {ECF99052-6C37-489E-BE8C-52D877855268}
	EndGlobalSection
EndGlobal
